
Microsoft Visual Studio Solution File, Format Version 12.00
# Visual Studio Version 16
VisualStudioVersion = 16.0.34407.143
MinimumVisualStudioVersion = 10.0.40219.1
Project("{FAE04EC0-301F-11D3-BF4B-00C04F79EFBC}") = "Task", "Task\Task.csproj", "{A648B29A-27E3-4337-85EA-066583A34770}"
EndProject
Global
	GlobalSection(SolutionConfigurationPlatforms) = preSolution
		Debug|Any CPU = Debug|Any CPU
		Release|Any CPU = Release|Any CPU
	EndGlobalSection
	GlobalSection(ProjectConfigurationPlatforms) = postSolution
		{A648B29A-27E3-4337-85EA-066583A34770}.Debug|Any CPU.ActiveCfg = Debug|Any CPU
		{A648B29A-27E3-4337-85EA-066583A34770}.Debug|Any CPU.Build.0 = Debug|Any CPU
		{A648B29A-27E3-4337-85EA-066583A34770}.Release|Any CPU.ActiveCfg = Release|Any CPU
		{A648B29A-27E3-4337-85EA-066583A34770}.Release|Any CPU.Build.0 = Release|Any CPU
	EndGlobalSection
	GlobalSection(SolutionProperties) = preSolution
		HideSolutionNode = FALSE
	EndGlobalSection
	GlobalSection(ExtensibilityGlobals) = postSolution
		SolutionGuid = {61309522-ABAD-42DD-B69A-6FBF0A9C1897}
	EndGlobalSection
EndGlobal
